
Microsoft Visual Studio Solution File, Format Version 12.00
# Visual Studio Version 17
VisualStudioVersion = 17.2.32630.192
MinimumVisualStudioVersion = 10.0.40219.1
Project("{2150E333-8FDC-42A3-9474-1A3956D46DE8}") = "Core", "Core", "{5E712129-E0E4-447B-B62F-BB4180581511}"
EndProject
Project("{2150E333-8FDC-42A3-9474-1A3956D46DE8}") = "Presentation", "Presentation", "{3463B2F7-7807-4933-9B97-197AB8963854}"
EndProject
Project("{FAE04EC0-301F-11D3-BF4B-00C04F79EFBC}") = "HotelApi2.Domain", "Core\HotelApi2.Domain\HotelApi2.Domain.csproj", "{D52790A8-5530-4C19-A3B8-0593E5BC8611}"
EndProject
Project("{FAE04EC0-301F-11D3-BF4B-00C04F79EFBC}") = "HotelApi2.Infastructure", "Core\HotelApi2.Infastructure\HotelApi2.Infastructure.csproj", "{8C532523-ABCF-44C0-BA2F-410B3C490841}"
EndProject
Project("{FAE04EC0-301F-11D3-BF4B-00C04F79EFBC}") = "HotelApi2.API", "Presentation\HotelApi2.API\HotelApi2.API.csproj", "{A17735C9-ADC1-420D-9BEF-A1BA0E9AE217}"
EndProject
Project("{FAE04EC0-301F-11D3-BF4B-00C04F79EFBC}") = "HotelApi2.Application", "Presentation\HotelApi2.Application\HotelApi2.Application.csproj", "{10044B5B-AA86-40DB-A05B-F0D5B9A0334E}"
EndProject
Global
	GlobalSection(SolutionConfigurationPlatforms) = preSolution
		Debug|Any CPU = Debug|Any CPU
		Release|Any CPU = Release|Any CPU
	EndGlobalSection
	GlobalSection(ProjectConfigurationPlatforms) = postSolution
		{D52790A8-5530-4C19-A3B8-0593E5BC8611}.Debug|Any CPU.ActiveCfg = Debug|Any CPU
		{D52790A8-5530-4C19-A3B8-0593E5BC8611}.Debug|Any CPU.Build.0 = Debug|Any CPU
		{D52790A8-5530-4C19-A3B8-0593E5BC8611}.Release|Any CPU.ActiveCfg = Release|Any CPU
		{D52790A8-5530-4C19-A3B8-0593E5BC8611}.Release|Any CPU.Build.0 = Release|Any CPU
		{8C532523-ABCF-44C0-BA2F-410B3C490841}.Debug|Any CPU.ActiveCfg = Debug|Any CPU
		{8C532523-ABCF-44C0-BA2F-410B3C490841}.Debug|Any CPU.Build.0 = Debug|Any CPU
		{8C532523-ABCF-44C0-BA2F-410B3C490841}.Release|Any CPU.ActiveCfg = Release|Any CPU
		{8C532523-ABCF-44C0-BA2F-410B3C490841}.Release|Any CPU.Build.0 = Release|Any CPU
		{A17735C9-ADC1-420D-9BEF-A1BA0E9AE217}.Debug|Any CPU.ActiveCfg = Debug|Any CPU
		{A17735C9-ADC1-420D-9BEF-A1BA0E9AE217}.Debug|Any CPU.Build.0 = Debug|Any CPU
		{A17735C9-ADC1-420D-9BEF-A1BA0E9AE217}.Release|Any CPU.ActiveCfg = Release|Any CPU
		{A17735C9-ADC1-420D-9BEF-A1BA0E9AE217}.Release|Any CPU.Build.0 = Release|Any CPU
		{10044B5B-AA86-40DB-A05B-F0D5B9A0334E}.Debug|Any CPU.ActiveCfg = Debug|Any CPU
		{10044B5B-AA86-40DB-A05B-F0D5B9A0334E}.Debug|Any CPU.Build.0 = Debug|Any CPU
		{10044B5B-AA86-40DB-A05B-F0D5B9A0334E}.Release|Any CPU.ActiveCfg = Release|Any CPU
		{10044B5B-AA86-40DB-A05B-F0D5B9A0334E}.Release|Any CPU.Build.0 = Release|Any CPU
	EndGlobalSection
	GlobalSection(SolutionProperties) = preSolution
		HideSolutionNode = FALSE
	EndGlobalSection
	GlobalSection(NestedProjects) = preSolution
		{D52790A8-5530-4C19-A3B8-0593E5BC8611} = {5E712129-E0E4-447B-B62F-BB4180581511}
		{8C532523-ABCF-44C0-BA2F-410B3C490841} = {5E712129-E0E4-447B-B62F-BB4180581511}
		{A17735C9-ADC1-420D-9BEF-A1BA0E9AE217} = {3463B2F7-7807-4933-9B97-197AB8963854}
		{10044B5B-AA86-40DB-A05B-F0D5B9A0334E} = {3463B2F7-7807-4933-9B97-197AB8963854}
	EndGlobalSection
	GlobalSection(ExtensibilityGlobals) = postSolution
		SolutionGuid = {3AB16EC1-4BDC-4E5B-BC54-64CD0BECC2C9}
	EndGlobalSection
EndGlobal
